
Microsoft Visual Studio Solution File, Format Version 12.00
# Visual Studio Version 16
VisualStudioVersion = 16.0.31613.86
MinimumVisualStudioVersion = 10.0.40219.1
Project("{9A19103F-16F7-4668-BE54-9A1E7A4F7556}") = "Kirov.Aliyun.OSS", "src\Kirov.Aliyun.OSS\Kirov.Aliyun.OSS.csproj", "{8E081B7A-3A94-4855-92B4-62C4106AE807}"
EndProject
Project("{9A19103F-16F7-4668-BE54-9A1E7A4F7556}") = "Kirov.Extensions.Aliyun.OSS", "src\Kirov.Extensions.Aliyun.OSS\Kirov.Extensions.Aliyun.OSS.csproj", "{C61C8C90-1591-4AD7-9635-97821F5836E7}"
EndProject
Project("{9A19103F-16F7-4668-BE54-9A1E7A4F7556}") = "Kirov.Aliyun.OSS.Test", "tests\Kirov.Aliyun.OSS.Test\Kirov.Aliyun.OSS.Test.csproj", "{1028E490-64FB-4742-AA86-5B504FFC06D3}"
EndProject
Global
	GlobalSection(SolutionConfigurationPlatforms) = preSolution
		Debug|Any CPU = Debug|Any CPU
		Release|Any CPU = Release|Any CPU
	EndGlobalSection
	GlobalSection(ProjectConfigurationPlatforms) = postSolution
		{8E081B7A-3A94-4855-92B4-62C4106AE807}.Debug|Any CPU.ActiveCfg = Debug|Any CPU
		{8E081B7A-3A94-4855-92B4-62C4106AE807}.Debug|Any CPU.Build.0 = Debug|Any CPU
		{8E081B7A-3A94-4855-92B4-62C4106AE807}.Release|Any CPU.ActiveCfg = Release|Any CPU
		{8E081B7A-3A94-4855-92B4-62C4106AE807}.Release|Any CPU.Build.0 = Release|Any CPU
		{C61C8C90-1591-4AD7-9635-97821F5836E7}.Debug|Any CPU.ActiveCfg = Debug|Any CPU
		{C61C8C90-1591-4AD7-9635-97821F5836E7}.Debug|Any CPU.Build.0 = Debug|Any CPU
		{C61C8C90-1591-4AD7-9635-97821F5836E7}.Release|Any CPU.ActiveCfg = Release|Any CPU
		{C61C8C90-1591-4AD7-9635-97821F5836E7}.Release|Any CPU.Build.0 = Release|Any CPU
		{1028E490-64FB-4742-AA86-5B504FFC06D3}.Debug|Any CPU.ActiveCfg = Debug|Any CPU
		{1028E490-64FB-4742-AA86-5B504FFC06D3}.Debug|Any CPU.Build.0 = Debug|Any CPU
		{1028E490-64FB-4742-AA86-5B504FFC06D3}.Release|Any CPU.ActiveCfg = Release|Any CPU
		{1028E490-64FB-4742-AA86-5B504FFC06D3}.Release|Any CPU.Build.0 = Release|Any CPU
	EndGlobalSection
	GlobalSection(SolutionProperties) = preSolution
		HideSolutionNode = FALSE
	EndGlobalSection
	GlobalSection(ExtensibilityGlobals) = postSolution
		SolutionGuid = {75F8A124-BA33-45B1-BF56-D2F15E7478EE}
	EndGlobalSection
EndGlobal
